
Microsoft Visual Studio Solution File, Format Version 12.00
# Visual Studio Version 17
VisualStudioVersion = 17.9.34728.123
MinimumVisualStudioVersion = 10.0.40219.1
Project("{FAE04EC0-301F-11D3-BF4B-00C04F79EFBC}") = "FrostAPIService", "FrostAPIService\FrostAPIService.csproj", "{373B9540-52B4-4C94-848F-66B9214A2A9E}"
EndProject
Global
	GlobalSection(SolutionConfigurationPlatforms) = preSolution
		Debug|Any CPU = Debug|Any CPU
		Release|Any CPU = Release|Any CPU
	EndGlobalSection
	GlobalSection(ProjectConfigurationPlatforms) = postSolution
		{373B9540-52B4-4C94-848F-66B9214A2A9E}.Debug|Any CPU.ActiveCfg = Debug|Any CPU
		{373B9540-52B4-4C94-848F-66B9214A2A9E}.Debug|Any CPU.Build.0 = Debug|Any CPU
		{373B9540-52B4-4C94-848F-66B9214A2A9E}.Release|Any CPU.ActiveCfg = Release|Any CPU
		{373B9540-52B4-4C94-848F-66B9214A2A9E}.Release|Any CPU.Build.0 = Release|Any CPU
	EndGlobalSection
	GlobalSection(SolutionProperties) = preSolution
		HideSolutionNode = FALSE
	EndGlobalSection
	GlobalSection(ExtensibilityGlobals) = postSolution
		SolutionGuid = {0DB72AF7-6AFD-4910-A9C6-933D2C22CA0F}
	EndGlobalSection
EndGlobal
